
Microsoft Visual Studio Solution File, Format Version 12.00
# Visual Studio Version 17
VisualStudioVersion = 17.0.31903.59
MinimumVisualStudioVersion = 10.0.40219.1
Project("{2150E333-8FDC-42A3-9474-1A3956D46DE8}") = "TimeSheetManagement.Client", "TimeSheetManagement.Client", "{95A97F70-6ACF-4325-ACAD-2137124E1773}"
EndProject
Project("{2150E333-8FDC-42A3-9474-1A3956D46DE8}") = "TimeSheet.Server", "TimeSheet.Server", "{FFC5E019-C429-42B1-8094-4A01F6084424}"
EndProject
Project("{2150E333-8FDC-42A3-9474-1A3956D46DE8}") = "Desktop", "Desktop", "{3F720117-B127-4F65-9347-71EFE5DEC223}"
EndProject
Project("{2150E333-8FDC-42A3-9474-1A3956D46DE8}") = "React", "React", "{E613766F-8F23-4BF6-B454-1FD84BC0EC8E}"
EndProject
Project("{2150E333-8FDC-42A3-9474-1A3956D46DE8}") = "3rdParty1", "3rdParty1", "{1F2D949B-D2EE-454A-BC84-AA0AB2BC4CED}"
EndProject
Project("{2150E333-8FDC-42A3-9474-1A3956D46DE8}") = "json-everything", "json-everything", "{5FA3351A-6A67-40B6-ABD7-675AEB30FE41}"
EndProject
Project("{2150E333-8FDC-42A3-9474-1A3956D46DE8}") = "Customers", "Customers", "{450840D7-4516-4B91-98F6-B09EFABD2A26}"
EndProject
Project("{2150E333-8FDC-42A3-9474-1A3956D46DE8}") = "Business", "Business", "{9BB0F895-3463-4794-9882-9A16376AB53C}"
EndProject
Project("{2150E333-8FDC-42A3-9474-1A3956D46DE8}") = "Projects", "Projects", "{8A072401-2EF8-4730-8BF6-3F679FCE201A}"
EndProject
Project("{2150E333-8FDC-42A3-9474-1A3956D46DE8}") = "Core", "Core", "{A6FE9157-E76A-42E0-9A4B-EF049D7264B3}"
EndProject
Project("{2150E333-8FDC-42A3-9474-1A3956D46DE8}") = "Common", "Common", "{BEAD7245-00BE-469F-924C-0D7EB5F13185}"
EndProject
Project("{2150E333-8FDC-42A3-9474-1A3956D46DE8}") = "Configuration", "Configuration", "{D21D22C9-A4D5-4F8D-8FF5-15BB6EBAD2A5}"
EndProject
Project("{9A19103F-16F7-4668-BE54-9A1E7A4F7556}") = "TimeSheet.Client.Desktop", "TimeSheet.Client\TimeSheet.Client.Desktop\TimeSheet.Client.Desktop.csproj", "{A798C4A3-9D61-4083-B226-7C6635D3D567}"
EndProject
Project("{9A19103F-16F7-4668-BE54-9A1E7A4F7556}") = "TimeSheet.Client.React", "TimeSheet.Client\TimeSheet.Client.React\TimeSheet.Client.React.csproj", "{3BA87483-658B-4744-90FC-E321B294E58E}"
EndProject
Project("{9A19103F-16F7-4668-BE54-9A1E7A4F7556}") = "TimeSheet.Server.Customers.Business", "TimeSheet.Server\Business\Customers\TimeSheet.Server.Customers.Business\TimeSheet.Server.Customers.Business.csproj", "{D4037A04-3EA8-4F4E-87AD-31236D7816BA}"
EndProject
Project("{9A19103F-16F7-4668-BE54-9A1E7A4F7556}") = "TimeSheet.Server.Customers.Common", "TimeSheet.Server\Business\Customers\TimeSheet.Server.Customers.Common\TimeSheet.Server.Customers.Common.csproj", "{B5F5907D-B052-44A9-AFE9-50DE41FAB4F3}"
EndProject
Project("{9A19103F-16F7-4668-BE54-9A1E7A4F7556}") = "TimeSheet.Server.Projects.Business", "TimeSheet.Server\Business\Projects\TimeSheet.Server.Projects.Business\TimeSheet.Server.Projects.Business.csproj", "{E5958233-D3EF-4388-BBDF-769059A94EDD}"
EndProject
Project("{9A19103F-16F7-4668-BE54-9A1E7A4F7556}") = "TimeSheet.Server.Projects.Common", "TimeSheet.Server\Business\Projects\TimeSheet.Server.Projects.Common\TimeSheet.Server.Projects.Common.csproj", "{23E63C0B-2EC1-4C3E-8FB1-B79B92A58E86}"
EndProject
Project("{9A19103F-16F7-4668-BE54-9A1E7A4F7556}") = "Common", "TimeSheet.Server\Core\Common\Common.csproj", "{B2895338-F193-4C79-9757-C6147DD9E9F9}"
EndProject
Project("{9A19103F-16F7-4668-BE54-9A1E7A4F7556}") = "TimeSheet.Server.Configuration.Common", "TimeSheet.Server\Core\Configuration\Sirius.Server.Configuration.Common\TimeSheet.Server.Configuration.Common.csproj", "{B18F699F-71B6-458D-94E4-7AF2C2E4C68F}"
EndProject
Project("{9A19103F-16F7-4668-BE54-9A1E7A4F7556}") = "TimeSheet.Server.Configuration.Core", "TimeSheet.Server\Core\Configuration\Sirius.Server.Configuration.Core\TimeSheet.Server.Configuration.Core.csproj", "{169818C7-DF6D-49C6-97AF-F4B1A42E370E}"
EndProject
Project("{9A19103F-16F7-4668-BE54-9A1E7A4F7556}") = "TimeSheet.Server.WebApi", "TimeSheet.Server\WebApi\TimeSheet.Server.WebApi.csproj", "{EA3A783E-C53E-4F5D-B6E6-59448E80131C}"
EndProject
Project("{2150E333-8FDC-42A3-9474-1A3956D46DE8}") = "WorkingHours", "WorkingHours", "{58FCEC5A-0C14-4737-BE67-F379FB4F7E80}"
EndProject
Project("{9A19103F-16F7-4668-BE54-9A1E7A4F7556}") = "TimeSheet.Server.WorkingHours.Business", "TimeSheet.Server\Business\WorkingHours\TimeSheet.Server.WorkingHours.Business\TimeSheet.Server.WorkingHours.Business.csproj", "{B8900DCC-BB17-42E7-ACC0-C7262F623AB7}"
EndProject
Project("{9A19103F-16F7-4668-BE54-9A1E7A4F7556}") = "TimeSheet.Server.WorkingHours.Common", "TimeSheet.Server\Business\WorkingHours\TimeSheet.Server.WorkingHours.Common\TimeSheet.Server.WorkingHours.Common.csproj", "{FFA3196D-EEFF-4B3A-A511-A27E2BD148CE}"
EndProject
Global
	GlobalSection(SolutionConfigurationPlatforms) = preSolution
		Debug|Any CPU = Debug|Any CPU
		Debug|x64 = Debug|x64
		Localization|Any CPU = Localization|Any CPU
		Localization|x64 = Localization|x64
		Release|Any CPU = Release|Any CPU
		Release|x64 = Release|x64
	EndGlobalSection
	GlobalSection(ProjectConfigurationPlatforms) = postSolution
		{A798C4A3-9D61-4083-B226-7C6635D3D567}.Debug|Any CPU.ActiveCfg = Debug|Any CPU
		{A798C4A3-9D61-4083-B226-7C6635D3D567}.Debug|Any CPU.Build.0 = Debug|Any CPU
		{A798C4A3-9D61-4083-B226-7C6635D3D567}.Debug|x64.ActiveCfg = Debug|x64
		{A798C4A3-9D61-4083-B226-7C6635D3D567}.Debug|x64.Build.0 = Debug|x64
		{A798C4A3-9D61-4083-B226-7C6635D3D567}.Localization|Any CPU.ActiveCfg = Debug|Any CPU
		{A798C4A3-9D61-4083-B226-7C6635D3D567}.Localization|Any CPU.Build.0 = Debug|Any CPU
		{A798C4A3-9D61-4083-B226-7C6635D3D567}.Localization|x64.ActiveCfg = Debug|x64
		{A798C4A3-9D61-4083-B226-7C6635D3D567}.Localization|x64.Build.0 = Debug|x64
		{A798C4A3-9D61-4083-B226-7C6635D3D567}.Release|Any CPU.ActiveCfg = Release|Any CPU
		{A798C4A3-9D61-4083-B226-7C6635D3D567}.Release|Any CPU.Build.0 = Release|Any CPU
		{A798C4A3-9D61-4083-B226-7C6635D3D567}.Release|x64.ActiveCfg = Release|x64
		{A798C4A3-9D61-4083-B226-7C6635D3D567}.Release|x64.Build.0 = Release|x64
		{3BA87483-658B-4744-90FC-E321B294E58E}.Debug|Any CPU.ActiveCfg = Debug|Any CPU
		{3BA87483-658B-4744-90FC-E321B294E58E}.Debug|Any CPU.Build.0 = Debug|Any CPU
		{3BA87483-658B-4744-90FC-E321B294E58E}.Debug|x64.ActiveCfg = Debug|Any CPU
		{3BA87483-658B-4744-90FC-E321B294E58E}.Debug|x64.Build.0 = Debug|Any CPU
		{3BA87483-658B-4744-90FC-E321B294E58E}.Localization|Any CPU.ActiveCfg = Debug|Any CPU
		{3BA87483-658B-4744-90FC-E321B294E58E}.Localization|Any CPU.Build.0 = Debug|Any CPU
		{3BA87483-658B-4744-90FC-E321B294E58E}.Localization|x64.ActiveCfg = Debug|Any CPU
		{3BA87483-658B-4744-90FC-E321B294E58E}.Localization|x64.Build.0 = Debug|Any CPU
		{3BA87483-658B-4744-90FC-E321B294E58E}.Release|Any CPU.ActiveCfg = Release|Any CPU
		{3BA87483-658B-4744-90FC-E321B294E58E}.Release|Any CPU.Build.0 = Release|Any CPU
		{3BA87483-658B-4744-90FC-E321B294E58E}.Release|x64.ActiveCfg = Release|Any CPU
		{3BA87483-658B-4744-90FC-E321B294E58E}.Release|x64.Build.0 = Release|Any CPU
		{D4037A04-3EA8-4F4E-87AD-31236D7816BA}.Debug|Any CPU.ActiveCfg = Debug|Any CPU
		{D4037A04-3EA8-4F4E-87AD-31236D7816BA}.Debug|Any CPU.Build.0 = Debug|Any CPU
		{D4037A04-3EA8-4F4E-87AD-31236D7816BA}.Debug|x64.ActiveCfg = Debug|Any CPU
		{D4037A04-3EA8-4F4E-87AD-31236D7816BA}.Debug|x64.Build.0 = Debug|Any CPU
		{D4037A04-3EA8-4F4E-87AD-31236D7816BA}.Localization|Any CPU.ActiveCfg = Debug|Any CPU
		{D4037A04-3EA8-4F4E-87AD-31236D7816BA}.Localization|Any CPU.Build.0 = Debug|Any CPU
		{D4037A04-3EA8-4F4E-87AD-31236D7816BA}.Localization|x64.ActiveCfg = Debug|Any CPU
		{D4037A04-3EA8-4F4E-87AD-31236D7816BA}.Localization|x64.Build.0 = Debug|Any CPU
		{D4037A04-3EA8-4F4E-87AD-31236D7816BA}.Release|Any CPU.ActiveCfg = Release|Any CPU
		{D4037A04-3EA8-4F4E-87AD-31236D7816BA}.Release|Any CPU.Build.0 = Release|Any CPU
		{D4037A04-3EA8-4F4E-87AD-31236D7816BA}.Release|x64.ActiveCfg = Release|Any CPU
		{D4037A04-3EA8-4F4E-87AD-31236D7816BA}.Release|x64.Build.0 = Release|Any CPU
		{B5F5907D-B052-44A9-AFE9-50DE41FAB4F3}.Debug|Any CPU.ActiveCfg = Debug|Any CPU
		{B5F5907D-B052-44A9-AFE9-50DE41FAB4F3}.Debug|Any CPU.Build.0 = Debug|Any CPU
		{B5F5907D-B052-44A9-AFE9-50DE41FAB4F3}.Debug|x64.ActiveCfg = Debug|Any CPU
		{B5F5907D-B052-44A9-AFE9-50DE41FAB4F3}.Debug|x64.Build.0 = Debug|Any CPU
		{B5F5907D-B052-44A9-AFE9-50DE41FAB4F3}.Localization|Any CPU.ActiveCfg = Debug|Any CPU
		{B5F5907D-B052-44A9-AFE9-50DE41FAB4F3}.Localization|Any CPU.Build.0 = Debug|Any CPU
		{B5F5907D-B052-44A9-AFE9-50DE41FAB4F3}.Localization|x64.ActiveCfg = Debug|Any CPU
		{B5F5907D-B052-44A9-AFE9-50DE41FAB4F3}.Localization|x64.Build.0 = Debug|Any CPU
		{B5F5907D-B052-44A9-AFE9-50DE41FAB4F3}.Release|Any CPU.ActiveCfg = Release|Any CPU
		{B5F5907D-B052-44A9-AFE9-50DE41FAB4F3}.Release|Any CPU.Build.0 = Release|Any CPU
		{B5F5907D-B052-44A9-AFE9-50DE41FAB4F3}.Release|x64.ActiveCfg = Release|Any CPU
		{B5F5907D-B052-44A9-AFE9-50DE41FAB4F3}.Release|x64.Build.0 = Release|Any CPU
		{E5958233-D3EF-4388-BBDF-769059A94EDD}.Debug|Any CPU.ActiveCfg = Debug|Any CPU
		{E5958233-D3EF-4388-BBDF-769059A94EDD}.Debug|Any CPU.Build.0 = Debug|Any CPU
		{E5958233-D3EF-4388-BBDF-769059A94EDD}.Debug|x64.ActiveCfg = Debug|Any CPU
		{E5958233-D3EF-4388-BBDF-769059A94EDD}.Debug|x64.Build.0 = Debug|Any CPU
		{E5958233-D3EF-4388-BBDF-769059A94EDD}.Localization|Any CPU.ActiveCfg = Debug|Any CPU
		{E5958233-D3EF-4388-BBDF-769059A94EDD}.Localization|Any CPU.Build.0 = Debug|Any CPU
		{E5958233-D3EF-4388-BBDF-769059A94EDD}.Localization|x64.ActiveCfg = Debug|Any CPU
		{E5958233-D3EF-4388-BBDF-769059A94EDD}.Localization|x64.Build.0 = Debug|Any CPU
		{E5958233-D3EF-4388-BBDF-769059A94EDD}.Release|Any CPU.ActiveCfg = Release|Any CPU
		{E5958233-D3EF-4388-BBDF-769059A94EDD}.Release|Any CPU.Build.0 = Release|Any CPU
		{E5958233-D3EF-4388-BBDF-769059A94EDD}.Release|x64.ActiveCfg = Release|Any CPU
		{E5958233-D3EF-4388-BBDF-769059A94EDD}.Release|x64.Build.0 = Release|Any CPU
		{23E63C0B-2EC1-4C3E-8FB1-B79B92A58E86}.Debug|Any CPU.ActiveCfg = Debug|Any CPU
		{23E63C0B-2EC1-4C3E-8FB1-B79B92A58E86}.Debug|Any CPU.Build.0 = Debug|Any CPU
		{23E63C0B-2EC1-4C3E-8FB1-B79B92A58E86}.Debug|x64.ActiveCfg = Debug|Any CPU
		{23E63C0B-2EC1-4C3E-8FB1-B79B92A58E86}.Debug|x64.Build.0 = Debug|Any CPU
		{23E63C0B-2EC1-4C3E-8FB1-B79B92A58E86}.Localization|Any CPU.ActiveCfg = Debug|Any CPU
		{23E63C0B-2EC1-4C3E-8FB1-B79B92A58E86}.Localization|Any CPU.Build.0 = Debug|Any CPU
		{23E63C0B-2EC1-4C3E-8FB1-B79B92A58E86}.Localization|x64.ActiveCfg = Debug|Any CPU
		{23E63C0B-2EC1-4C3E-8FB1-B79B92A58E86}.Localization|x64.Build.0 = Debug|Any CPU
		{23E63C0B-2EC1-4C3E-8FB1-B79B92A58E86}.Release|Any CPU.ActiveCfg = Release|Any CPU
		{23E63C0B-2EC1-4C3E-8FB1-B79B92A58E86}.Release|Any CPU.Build.0 = Release|Any CPU
		{23E63C0B-2EC1-4C3E-8FB1-B79B92A58E86}.Release|x64.ActiveCfg = Release|Any CPU
		{23E63C0B-2EC1-4C3E-8FB1-B79B92A58E86}.Release|x64.Build.0 = Release|Any CPU
		{B2895338-F193-4C79-9757-C6147DD9E9F9}.Debug|Any CPU.ActiveCfg = Debug|Any CPU
		{B2895338-F193-4C79-9757-C6147DD9E9F9}.Debug|Any CPU.Build.0 = Debug|Any CPU
		{B2895338-F193-4C79-9757-C6147DD9E9F9}.Debug|x64.ActiveCfg = Debug|Any CPU
		{B2895338-F193-4C79-9757-C6147DD9E9F9}.Debug|x64.Build.0 = Debug|Any CPU
		{B2895338-F193-4C79-9757-C6147DD9E9F9}.Localization|Any CPU.ActiveCfg = Debug|Any CPU
		{B2895338-F193-4C79-9757-C6147DD9E9F9}.Localization|Any CPU.Build.0 = Debug|Any CPU
		{B2895338-F193-4C79-9757-C6147DD9E9F9}.Localization|x64.ActiveCfg = Debug|Any CPU
		{B2895338-F193-4C79-9757-C6147DD9E9F9}.Localization|x64.Build.0 = Debug|Any CPU
		{B2895338-F193-4C79-9757-C6147DD9E9F9}.Release|Any CPU.ActiveCfg = Release|Any CPU
		{B2895338-F193-4C79-9757-C6147DD9E9F9}.Release|Any CPU.Build.0 = Release|Any CPU
		{B2895338-F193-4C79-9757-C6147DD9E9F9}.Release|x64.ActiveCfg = Release|Any CPU
		{B2895338-F193-4C79-9757-C6147DD9E9F9}.Release|x64.Build.0 = Release|Any CPU
		{B18F699F-71B6-458D-94E4-7AF2C2E4C68F}.Debug|Any CPU.ActiveCfg = Debug|Any CPU
		{B18F699F-71B6-458D-94E4-7AF2C2E4C68F}.Debug|Any CPU.Build.0 = Debug|Any CPU
		{B18F699F-71B6-458D-94E4-7AF2C2E4C68F}.Debug|x64.ActiveCfg = Debug|Any CPU
		{B18F699F-71B6-458D-94E4-7AF2C2E4C68F}.Debug|x64.Build.0 = Debug|Any CPU
		{B18F699F-71B6-458D-94E4-7AF2C2E4C68F}.Localization|Any CPU.ActiveCfg = Debug|Any CPU
		{B18F699F-71B6-458D-94E4-7AF2C2E4C68F}.Localization|Any CPU.Build.0 = Debug|Any CPU
		{B18F699F-71B6-458D-94E4-7AF2C2E4C68F}.Localization|x64.ActiveCfg = Debug|Any CPU
		{B18F699F-71B6-458D-94E4-7AF2C2E4C68F}.Localization|x64.Build.0 = Debug|Any CPU
		{B18F699F-71B6-458D-94E4-7AF2C2E4C68F}.Release|Any CPU.ActiveCfg = Release|Any CPU
		{B18F699F-71B6-458D-94E4-7AF2C2E4C68F}.Release|Any CPU.Build.0 = Release|Any CPU
		{B18F699F-71B6-458D-94E4-7AF2C2E4C68F}.Release|x64.ActiveCfg = Release|Any CPU
		{B18F699F-71B6-458D-94E4-7AF2C2E4C68F}.Release|x64.Build.0 = Release|Any CPU
		{169818C7-DF6D-49C6-97AF-F4B1A42E370E}.Debug|Any CPU.ActiveCfg = Debug|Any CPU
		{169818C7-DF6D-49C6-97AF-F4B1A42E370E}.Debug|Any CPU.Build.0 = Debug|Any CPU
		{169818C7-DF6D-49C6-97AF-F4B1A42E370E}.Debug|x64.ActiveCfg = Debug|Any CPU
		{169818C7-DF6D-49C6-97AF-F4B1A42E370E}.Debug|x64.Build.0 = Debug|Any CPU
		{169818C7-DF6D-49C6-97AF-F4B1A42E370E}.Localization|Any CPU.ActiveCfg = Debug|Any CPU
		{169818C7-DF6D-49C6-97AF-F4B1A42E370E}.Localization|Any CPU.Build.0 = Debug|Any CPU
		{169818C7-DF6D-49C6-97AF-F4B1A42E370E}.Localization|x64.ActiveCfg = Debug|Any CPU
		{169818C7-DF6D-49C6-97AF-F4B1A42E370E}.Localization|x64.Build.0 = Debug|Any CPU
		{169818C7-DF6D-49C6-97AF-F4B1A42E370E}.Release|Any CPU.ActiveCfg = Release|Any CPU
		{169818C7-DF6D-49C6-97AF-F4B1A42E370E}.Release|Any CPU.Build.0 = Release|Any CPU
		{169818C7-DF6D-49C6-97AF-F4B1A42E370E}.Release|x64.ActiveCfg = Release|Any CPU
		{169818C7-DF6D-49C6-97AF-F4B1A42E370E}.Release|x64.Build.0 = Release|Any CPU
		{EA3A783E-C53E-4F5D-B6E6-59448E80131C}.Debug|Any CPU.ActiveCfg = Debug|Any CPU
		{EA3A783E-C53E-4F5D-B6E6-59448E80131C}.Debug|Any CPU.Build.0 = Debug|Any CPU
		{EA3A783E-C53E-4F5D-B6E6-59448E80131C}.Debug|x64.ActiveCfg = Debug|Any CPU
		{EA3A783E-C53E-4F5D-B6E6-59448E80131C}.Debug|x64.Build.0 = Debug|Any CPU
		{EA3A783E-C53E-4F5D-B6E6-59448E80131C}.Localization|Any CPU.ActiveCfg = Debug|Any CPU
		{EA3A783E-C53E-4F5D-B6E6-59448E80131C}.Localization|Any CPU.Build.0 = Debug|Any CPU
		{EA3A783E-C53E-4F5D-B6E6-59448E80131C}.Localization|x64.ActiveCfg = Debug|Any CPU
		{EA3A783E-C53E-4F5D-B6E6-59448E80131C}.Localization|x64.Build.0 = Debug|Any CPU
		{EA3A783E-C53E-4F5D-B6E6-59448E80131C}.Release|Any CPU.ActiveCfg = Release|Any CPU
		{EA3A783E-C53E-4F5D-B6E6-59448E80131C}.Release|Any CPU.Build.0 = Release|Any CPU
		{EA3A783E-C53E-4F5D-B6E6-59448E80131C}.Release|x64.ActiveCfg = Release|Any CPU
		{EA3A783E-C53E-4F5D-B6E6-59448E80131C}.Release|x64.Build.0 = Release|Any CPU
		{B8900DCC-BB17-42E7-ACC0-C7262F623AB7}.Debug|Any CPU.ActiveCfg = Debug|Any CPU
		{B8900DCC-BB17-42E7-ACC0-C7262F623AB7}.Debug|Any CPU.Build.0 = Debug|Any CPU
		{B8900DCC-BB17-42E7-ACC0-C7262F623AB7}.Debug|x64.ActiveCfg = Debug|Any CPU
		{B8900DCC-BB17-42E7-ACC0-C7262F623AB7}.Debug|x64.Build.0 = Debug|Any CPU
		{B8900DCC-BB17-42E7-ACC0-C7262F623AB7}.Localization|Any CPU.ActiveCfg = Debug|Any CPU
		{B8900DCC-BB17-42E7-ACC0-C7262F623AB7}.Localization|Any CPU.Build.0 = Debug|Any CPU
		{B8900DCC-BB17-42E7-ACC0-C7262F623AB7}.Localization|x64.ActiveCfg = Debug|Any CPU
		{B8900DCC-BB17-42E7-ACC0-C7262F623AB7}.Localization|x64.Build.0 = Debug|Any CPU
		{B8900DCC-BB17-42E7-ACC0-C7262F623AB7}.Release|Any CPU.ActiveCfg = Release|Any CPU
		{B8900DCC-BB17-42E7-ACC0-C7262F623AB7}.Release|Any CPU.Build.0 = Release|Any CPU
		{B8900DCC-BB17-42E7-ACC0-C7262F623AB7}.Release|x64.ActiveCfg = Release|Any CPU
		{B8900DCC-BB17-42E7-ACC0-C7262F623AB7}.Release|x64.Build.0 = Release|Any CPU
		{FFA3196D-EEFF-4B3A-A511-A27E2BD148CE}.Debug|Any CPU.ActiveCfg = Debug|Any CPU
		{FFA3196D-EEFF-4B3A-A511-A27E2BD148CE}.Debug|Any CPU.Build.0 = Debug|Any CPU
		{FFA3196D-EEFF-4B3A-A511-A27E2BD148CE}.Debug|x64.ActiveCfg = Debug|Any CPU
		{FFA3196D-EEFF-4B3A-A511-A27E2BD148CE}.Debug|x64.Build.0 = Debug|Any CPU
		{FFA3196D-EEFF-4B3A-A511-A27E2BD148CE}.Localization|Any CPU.ActiveCfg = Debug|Any CPU
		{FFA3196D-EEFF-4B3A-A511-A27E2BD148CE}.Localization|Any CPU.Build.0 = Debug|Any CPU
		{FFA3196D-EEFF-4B3A-A511-A27E2BD148CE}.Localization|x64.ActiveCfg = Debug|Any CPU
		{FFA3196D-EEFF-4B3A-A511-A27E2BD148CE}.Localization|x64.Build.0 = Debug|Any CPU
		{FFA3196D-EEFF-4B3A-A511-A27E2BD148CE}.Release|Any CPU.ActiveCfg = Release|Any CPU
		{FFA3196D-EEFF-4B3A-A511-A27E2BD148CE}.Release|Any CPU.Build.0 = Release|Any CPU
		{FFA3196D-EEFF-4B3A-A511-A27E2BD148CE}.Release|x64.ActiveCfg = Release|Any CPU
		{FFA3196D-EEFF-4B3A-A511-A27E2BD148CE}.Release|x64.Build.0 = Release|Any CPU
	EndGlobalSection
	GlobalSection(SolutionProperties) = preSolution
		HideSolutionNode = FALSE
	EndGlobalSection
	GlobalSection(NestedProjects) = preSolution
		{3F720117-B127-4F65-9347-71EFE5DEC223} = {95A97F70-6ACF-4325-ACAD-2137124E1773}
		{E613766F-8F23-4BF6-B454-1FD84BC0EC8E} = {95A97F70-6ACF-4325-ACAD-2137124E1773}
		{5FA3351A-6A67-40B6-ABD7-675AEB30FE41} = {1F2D949B-D2EE-454A-BC84-AA0AB2BC4CED}
		{450840D7-4516-4B91-98F6-B09EFABD2A26} = {9BB0F895-3463-4794-9882-9A16376AB53C}
		{9BB0F895-3463-4794-9882-9A16376AB53C} = {FFC5E019-C429-42B1-8094-4A01F6084424}
		{8A072401-2EF8-4730-8BF6-3F679FCE201A} = {9BB0F895-3463-4794-9882-9A16376AB53C}
		{A6FE9157-E76A-42E0-9A4B-EF049D7264B3} = {FFC5E019-C429-42B1-8094-4A01F6084424}
		{BEAD7245-00BE-469F-924C-0D7EB5F13185} = {A6FE9157-E76A-42E0-9A4B-EF049D7264B3}
		{D21D22C9-A4D5-4F8D-8FF5-15BB6EBAD2A5} = {A6FE9157-E76A-42E0-9A4B-EF049D7264B3}
		{A798C4A3-9D61-4083-B226-7C6635D3D567} = {3F720117-B127-4F65-9347-71EFE5DEC223}
		{3BA87483-658B-4744-90FC-E321B294E58E} = {E613766F-8F23-4BF6-B454-1FD84BC0EC8E}
		{D4037A04-3EA8-4F4E-87AD-31236D7816BA} = {450840D7-4516-4B91-98F6-B09EFABD2A26}
		{B5F5907D-B052-44A9-AFE9-50DE41FAB4F3} = {450840D7-4516-4B91-98F6-B09EFABD2A26}
		{E5958233-D3EF-4388-BBDF-769059A94EDD} = {8A072401-2EF8-4730-8BF6-3F679FCE201A}
		{23E63C0B-2EC1-4C3E-8FB1-B79B92A58E86} = {8A072401-2EF8-4730-8BF6-3F679FCE201A}
		{B2895338-F193-4C79-9757-C6147DD9E9F9} = {BEAD7245-00BE-469F-924C-0D7EB5F13185}
		{B18F699F-71B6-458D-94E4-7AF2C2E4C68F} = {D21D22C9-A4D5-4F8D-8FF5-15BB6EBAD2A5}
		{169818C7-DF6D-49C6-97AF-F4B1A42E370E} = {D21D22C9-A4D5-4F8D-8FF5-15BB6EBAD2A5}
		{EA3A783E-C53E-4F5D-B6E6-59448E80131C} = {FFC5E019-C429-42B1-8094-4A01F6084424}
		{58FCEC5A-0C14-4737-BE67-F379FB4F7E80} = {9BB0F895-3463-4794-9882-9A16376AB53C}
		{B8900DCC-BB17-42E7-ACC0-C7262F623AB7} = {58FCEC5A-0C14-4737-BE67-F379FB4F7E80}
		{FFA3196D-EEFF-4B3A-A511-A27E2BD148CE} = {58FCEC5A-0C14-4737-BE67-F379FB4F7E80}
	EndGlobalSection
	GlobalSection(ExtensibilityGlobals) = postSolution
		SolutionGuid = {705C0E2C-5B64-4566-83AC-075DB7F5BBFF}
	EndGlobalSection
EndGlobal
